{
  "name": "jquery-calendar-wrapper",
  "version": "0.1.0",
  "lockfileVersion": 1,
  "requires": true,
  "dependencies": {
    "@fullcalendar/core": {
      "version": "4.1.0",
      "resolved": "https://registry.npmjs.org/@fullcalendar/core/-/core-4.1.0.tgz",
      "integrity": "sha512-pyBRbNnppQH5iPnhENrNIkvOxjPdR46o7HMuSx3M+OlGVZLygbb97sKg5XuJx6Bn3hFP0EJXKmA9/GCfeP9PPQ=="
    },
    "@fullcalendar/daygrid": {
      "version": "4.1.0",
      "resolved": "https://registry.npmjs.org/@fullcalendar/daygrid/-/daygrid-4.1.0.tgz",
      "integrity": "sha512-y2w+js+cr0SFC3f88QIS91V8LeZ5TEG/W6hX+CcokP+KTZdepW0uCjPzf9QwVE0LM904tZ2kjCe209hZGfSNGg=="
    },
    "fullcalendar": {
      "version": "3.10.0",
      "resolved": "https://registry.npmjs.org/fullcalendar/-/fullcalendar-3.10.0.tgz",
      "integrity": "sha512-0OtsHhmdYhtFmQwXzyo8VqHzYgamg+zVOoytv5N13gI+iF6CGjevpCi/yBaQs0O4wY3OAp8I688IxdNYe0iAvw=="
    },
    "jquery": {
      "version": "3.4.1",
      "resolved": "https://registry.npmjs.org/jquery/-/jquery-3.4.1.tgz",
      "integrity": "sha512-36+AdBzCL+y6qjw5Tx7HgzeGCzC81MDDgaUP8ld2zhx58HdqXGoBd+tHdrBMiyjGQs0Hxs/MLZTu/eHNJJuWPw=="
    }
  }
}
